
Microsoft Visual Studio Solution File, Format Version 12.00
# Visual Studio Version 17
VisualStudioVersion = 17.0.31912.275
MinimumVisualStudioVersion = 10.0.40219.1
Project("{FAE04EC0-301F-11D3-BF4B-00C04F79EFBC}") = "MA_RealEstate", "MA_RealEstate\MA_RealEstate.csproj", "{288EA6D7-EAC4-4525-9ADE-9B63C7EC23AB}"
EndProject
Global
	GlobalSection(SolutionConfigurationPlatforms) = preSolution
		Debug|Any CPU = Debug|Any CPU
		Release|Any CPU = Release|Any CPU
	EndGlobalSection
	GlobalSection(ProjectConfigurationPlatforms) = postSolution
		{288EA6D7-EAC4-4525-9ADE-9B63C7EC23AB}.Debug|Any CPU.ActiveCfg = Debug|Any CPU
		{288EA6D7-EAC4-4525-9ADE-9B63C7EC23AB}.Debug|Any CPU.Build.0 = Debug|Any CPU
		{288EA6D7-EAC4-4525-9ADE-9B63C7EC23AB}.Release|Any CPU.ActiveCfg = Release|Any CPU
		{288EA6D7-EAC4-4525-9ADE-9B63C7EC23AB}.Release|Any CPU.Build.0 = Release|Any CPU
	EndGlobalSection
	GlobalSection(SolutionProperties) = preSolution
		HideSolutionNode = FALSE
	EndGlobalSection
	GlobalSection(ExtensibilityGlobals) = postSolution
		SolutionGuid = {1A1A6401-DDF3-4D31-A276-EE9BF3804D9A}
	EndGlobalSection
EndGlobal
